
Microsoft Visual Studio Solution File, Format Version 12.00
# Visual Studio 14
VisualStudioVersion = 14.0.25420.1
MinimumVisualStudioVersion = 10.0.40219.1
Project("{8BC9CEB8-8B4A-11D0-8D11-00A0C91BC942}") = "FltReg", "FltReg\FltReg.vcxproj", "{FE1AD1BC-627D-46D2-B688-BE0B3A6BA6BF}"
EndProject
Global
	GlobalSection(SolutionConfigurationPlatforms) = preSolution
		Debug|x64 = Debug|x64
		Debug|x86 = Debug|x86
		Release|x64 = Release|x64
		Release|x86 = Release|x86
	EndGlobalSection
	GlobalSection(ProjectConfigurationPlatforms) = postSolution
		{FE1AD1BC-627D-46D2-B688-BE0B3A6BA6BF}.Debug|x64.ActiveCfg = Debug|x64
		{FE1AD1BC-627D-46D2-B688-BE0B3A6BA6BF}.Debug|x64.Build.0 = Debug|x64
		{FE1AD1BC-627D-46D2-B688-BE0B3A6BA6BF}.Debug|x86.ActiveCfg = Debug|Win32
		{FE1AD1BC-627D-46D2-B688-BE0B3A6BA6BF}.Debug|x86.Build.0 = Debug|Win32
		{FE1AD1BC-627D-46D2-B688-BE0B3A6BA6BF}.Release|x64.ActiveCfg = Release|x64
		{FE1AD1BC-627D-46D2-B688-BE0B3A6BA6BF}.Release|x64.Build.0 = Release|x64
		{FE1AD1BC-627D-46D2-B688-BE0B3A6BA6BF}.Release|x86.ActiveCfg = Release|Win32
		{FE1AD1BC-627D-46D2-B688-BE0B3A6BA6BF}.Release|x86.Build.0 = Release|Win32
	EndGlobalSection
	GlobalSection(SolutionProperties) = preSolution
		HideSolutionNode = FALSE
	EndGlobalSection
EndGlobal
